// !$*UTF8*$!
{
	archiveVersion = 1;
	classes = {
	};
	objectVersion = 55;
	objects = {

/* Begin PBXBuildFile section */
		2332A5A5A0CDBB8FCF271C66 /* Pods_SpaceX_MVVM.framework in Frameworks */ = {isa = PBXBuildFile; fileRef = 4818CAECBD1EA667F559BE29 /* Pods_SpaceX_MVVM.framework */; };
		9C6505F4285B7465004E6E11 /* AppDelegate.swift in Sources */ = {isa = PBXBuildFile; fileRef = 9C6505F3285B7465004E6E11 /* AppDelegate.swift */; };
		9C6505F6285B7465004E6E11 /* SceneDelegate.swift in Sources */ = {isa = PBXBuildFile; fileRef = 9C6505F5285B7465004E6E11 /* SceneDelegate.swift */; };
		9C6505F8285B7465004E6E11 /* MainViewController.swift in Sources */ = {isa = PBXBuildFile; fileRef = 9C6505F7285B7465004E6E11 /* MainViewController.swift */; };
		9C6505FD285B746A004E6E11 /* Assets.xcassets in Resources */ = {isa = PBXBuildFile; fileRef = 9C6505FC285B746A004E6E11 /* Assets.xcassets */; };
		9C650600285B746A004E6E11 /* LaunchScreen.storyboard in Resources */ = {isa = PBXBuildFile; fileRef = 9C6505FE285B746A004E6E11 /* LaunchScreen.storyboard */; };
		9C650609285B7493004E6E11 /* AppCoordinator.swift in Sources */ = {isa = PBXBuildFile; fileRef = 9C650608285B7493004E6E11 /* AppCoordinator.swift */; };
		9C65060C285B753E004E6E11 /* Coordinator.swift in Sources */ = {isa = PBXBuildFile; fileRef = 9C65060B285B753E004E6E11 /* Coordinator.swift */; };
		9CC8259B285B894200F700EC /* MainViewModel.swift in Sources */ = {isa = PBXBuildFile; fileRef = 9CC8259A285B894200F700EC /* MainViewModel.swift */; };
		9CC8259E285B895900F700EC /* MainCell.swift in Sources */ = {isa = PBXBuildFile; fileRef = 9CC8259D285B895900F700EC /* MainCell.swift */; };
		9CC825A1285B8D8900F700EC /* LaunchesModel.swift in Sources */ = {isa = PBXBuildFile; fileRef = 9CC825A0285B8D8900F700EC /* LaunchesModel.swift */; };
		9CC825A5285B921600F700EC /* NetworkService.swift in Sources */ = {isa = PBXBuildFile; fileRef = 9CC825A4285B921600F700EC /* NetworkService.swift */; };
		9CC825A8285B932C00F700EC /* Typealias.swift in Sources */ = {isa = PBXBuildFile; fileRef = 9CC825A7285B932C00F700EC /* Typealias.swift */; };
		9CC825AD285BA06E00F700EC /* UITableView+Extension.swift in Sources */ = {isa = PBXBuildFile; fileRef = 9CC825AC285BA06E00F700EC /* UITableView+Extension.swift */; };
		9CC825AF285BA1C700F700EC /* UIFont+Extension.swift in Sources */ = {isa = PBXBuildFile; fileRef = 9CC825AE285BA1C700F700EC /* UIFont+Extension.swift */; };
		9CC825B1285BA1EB00F700EC /* UIColor+Extension.swift in Sources */ = {isa = PBXBuildFile; fileRef = 9CC825B0285BA1EB00F700EC /* UIColor+Extension.swift */; };
/* End PBXBuildFile section */

/* Begin PBXFileReference section */
		4818CAECBD1EA667F559BE29 /* Pods_SpaceX_MVVM.framework */ = {isa = PBXFileReference; explicitFileType = wrapper.framework; includeInIndex = 0; path = Pods_SpaceX_MVVM.framework; sourceTree = BUILT_PRODUCTS_DIR; };
		9C6505F0285B7465004E6E11 /* SpaceX+MVVM.app */ = {isa = PBXFileReference; explicitFileType = wrapper.application; includeInIndex = 0; path = "SpaceX+MVVM.app"; sourceTree = BUILT_PRODUCTS_DIR; };
		9C6505F3285B7465004E6E11 /* AppDelegate.swift */ = {isa = PBXFileReference; lastKnownFileType = sourcecode.swift; path = AppDelegate.swift; sourceTree = "<group>"; };
		9C6505F5285B7465004E6E11 /* SceneDelegate.swift */ = {isa = PBXFileReference; lastKnownFileType = sourcecode.swift; path = SceneDelegate.swift; sourceTree = "<group>"; };
		9C6505F7285B7465004E6E11 /* MainViewController.swift */ = {isa = PBXFileReference; lastKnownFileType = sourcecode.swift; path = MainViewController.swift; sourceTree = "<group>"; };
		9C6505FC285B746A004E6E11 /* Assets.xcassets */ = {isa = PBXFileReference; lastKnownFileType = folder.assetcatalog; path = Assets.xcassets; sourceTree = "<group>"; };
		9C6505FF285B746A004E6E11 /* Base */ = {isa = PBXFileReference; lastKnownFileType = file.storyboard; name = Base; path = Base.lproj/LaunchScreen.storyboard; sourceTree = "<group>"; };
		9C650601285B746A004E6E11 /* Info.plist */ = {isa = PBXFileReference; lastKnownFileType = text.plist.xml; path = Info.plist; sourceTree = "<group>"; };
		9C650608285B7493004E6E11 /* AppCoordinator.swift */ = {isa = PBXFileReference; lastKnownFileType = sourcecode.swift; path = AppCoordinator.swift; sourceTree = "<group>"; };
		9C65060B285B753E004E6E11 /* Coordinator.swift */ = {isa = PBXFileReference; lastKnownFileType = sourcecode.swift; path = Coordinator.swift; sourceTree = "<group>"; };
		9CC8259A285B894200F700EC /* MainViewModel.swift */ = {isa = PBXFileReference; lastKnownFileType = sourcecode.swift; path = MainViewModel.swift; sourceTree = "<group>"; };
		9CC8259D285B895900F700EC /* MainCell.swift */ = {isa = PBXFileReference; lastKnownFileType = sourcecode.swift; path = MainCell.swift; sourceTree = "<group>"; };
		9CC825A0285B8D8900F700EC /* LaunchesModel.swift */ = {isa = PBXFileReference; lastKnownFileType = sourcecode.swift; path = LaunchesModel.swift; sourceTree = "<group>"; };
		9CC825A4285B921600F700EC /* NetworkService.swift */ = {isa = PBXFileReference; lastKnownFileType = sourcecode.swift; path = NetworkService.swift; sourceTree = "<group>"; };
		9CC825A7285B932C00F700EC /* Typealias.swift */ = {isa = PBXFileReference; lastKnownFileType = sourcecode.swift; path = Typealias.swift; sourceTree = "<group>"; };
		9CC825AC285BA06E00F700EC /* UITableView+Extension.swift */ = {isa = PBXFileReference; lastKnownFileType = sourcecode.swift; path = "UITableView+Extension.swift"; sourceTree = "<group>"; };
		9CC825AE285BA1C700F700EC /* UIFont+Extension.swift */ = {isa = PBXFileReference; lastKnownFileType = sourcecode.swift; path = "UIFont+Extension.swift"; sourceTree = "<group>"; };
		9CC825B0285BA1EB00F700EC /* UIColor+Extension.swift */ = {isa = PBXFileReference; lastKnownFileType = sourcecode.swift; path = "UIColor+Extension.swift"; sourceTree = "<group>"; };
		BD07DE64BFCD1B6C2C90B157 /* Pods-SpaceX+MVVM.debug.xcconfig */ = {isa = PBXFileReference; includeInIndex = 1; lastKnownFileType = text.xcconfig; name = "Pods-SpaceX+MVVM.debug.xcconfig"; path = "Target Support Files/Pods-SpaceX+MVVM/Pods-SpaceX+MVVM.debug.xcconfig"; sourceTree = "<group>"; };
		E17FB3F1BD53EA84D58F1475 /* Pods-SpaceX+MVVM.release.xcconfig */ = {isa = PBXFileReference; includeInIndex = 1; lastKnownFileType = text.xcconfig; name = "Pods-SpaceX+MVVM.release.xcconfig"; path = "Target Support Files/Pods-SpaceX+MVVM/Pods-SpaceX+MVVM.release.xcconfig"; sourceTree = "<group>"; };
/* End PBXFileReference section */

/* Begin PBXFrameworksBuildPhase section */
		9C6505ED285B7465004E6E11 /* Frameworks */ = {
			isa = PBXFrameworksBuildPhase;
			buildActionMask = 2147483647;
			files = (
				2332A5A5A0CDBB8FCF271C66 /* Pods_SpaceX_MVVM.framework in Frameworks */,
			);
			runOnlyForDeploymentPostprocessing = 0;
		};
/* End PBXFrameworksBuildPhase section */

/* Begin PBXGroup section */
		3A3E80E6460270580A42B001 /* Frameworks */ = {
			isa = PBXGroup;
			children = (
				4818CAECBD1EA667F559BE29 /* Pods_SpaceX_MVVM.framework */,
			);
			name = Frameworks;
			sourceTree = "<group>";
		};
		5733D1AA887BEF6641D8AF7E /* Pods */ = {
			isa = PBXGroup;
			children = (
				BD07DE64BFCD1B6C2C90B157 /* Pods-SpaceX+MVVM.debug.xcconfig */,
				E17FB3F1BD53EA84D58F1475 /* Pods-SpaceX+MVVM.release.xcconfig */,
			);
			path = Pods;
			sourceTree = "<group>";
		};
		9C6505E7285B7465004E6E11 = {
			isa = PBXGroup;
			children = (
				9C6505F2285B7465004E6E11 /* SpaceX+MVVM */,
				9C6505F1285B7465004E6E11 /* Products */,
				5733D1AA887BEF6641D8AF7E /* Pods */,
				3A3E80E6460270580A42B001 /* Frameworks */,
			);
			sourceTree = "<group>";
		};
		9C6505F1285B7465004E6E11 /* Products */ = {
			isa = PBXGroup;
			children = (
				9C6505F0285B7465004E6E11 /* SpaceX+MVVM.app */,
			);
			name = Products;
			sourceTree = "<group>";
		};
		9C6505F2285B7465004E6E11 /* SpaceX+MVVM */ = {
			isa = PBXGroup;
			children = (
				9CC825A9285BA04600F700EC /* Helpers */,
				9C650610285B7FBF004E6E11 /* Support files */,
				9C65060D285B7F98004E6E11 /* Application */,
				9C650607285B7487004E6E11 /* Coordinator */,
				9C65060E285B7FA6004E6E11 /* Modules */,
				9CC8259F285B8D7600F700EC /* Models */,
				9CC825A2285B91CE00F700EC /* Services */,
				9C650601285B746A004E6E11 /* Info.plist */,
			);
			path = "SpaceX+MVVM";
			sourceTree = "<group>";
		};
		9C650607285B7487004E6E11 /* Coordinator */ = {
			isa = PBXGroup;
			children = (
				9C65060A285B7531004E6E11 /* Protocols */,
				9C650608285B7493004E6E11 /* AppCoordinator.swift */,
			);
			path = Coordinator;
			sourceTree = "<group>";
		};
		9C65060A285B7531004E6E11 /* Protocols */ = {
			isa = PBXGroup;
			children = (
				9C65060B285B753E004E6E11 /* Coordinator.swift */,
			);
			path = Protocols;
			sourceTree = "<group>";
		};
		9C65060D285B7F98004E6E11 /* Application */ = {
			isa = PBXGroup;
			children = (
				9C6505F3285B7465004E6E11 /* AppDelegate.swift */,
				9C6505F5285B7465004E6E11 /* SceneDelegate.swift */,
			);
			path = Application;
			sourceTree = "<group>";
		};
		9C65060E285B7FA6004E6E11 /* Modules */ = {
			isa = PBXGroup;
			children = (
				9C65060F285B7FAD004E6E11 /* Main */,
			);
			path = Modules;
			sourceTree = "<group>";
		};
		9C65060F285B7FAD004E6E11 /* Main */ = {
			isa = PBXGroup;
			children = (
				9CC8259C285B894F00F700EC /* Cell */,
				9C6505F7285B7465004E6E11 /* MainViewController.swift */,
				9CC8259A285B894200F700EC /* MainViewModel.swift */,
			);
			path = Main;
			sourceTree = "<group>";
		};
		9C650610285B7FBF004E6E11 /* Support files */ = {
			isa = PBXGroup;
			children = (
				9C6505FC285B746A004E6E11 /* Assets.xcassets */,
				9C6505FE285B746A004E6E11 /* LaunchScreen.storyboard */,
			);
			path = "Support files";
			sourceTree = "<group>";
		};
		9CC8259C285B894F00F700EC /* Cell */ = {
			isa = PBXGroup;
			children = (
				9CC8259D285B895900F700EC /* MainCell.swift */,
			);
			path = Cell;
			sourceTree = "<group>";
		};
		9CC8259F285B8D7600F700EC /* Models */ = {
			isa = PBXGroup;
			children = (
				9CC825A0285B8D8900F700EC /* LaunchesModel.swift */,
			);
			path = Models;
			sourceTree = "<group>";
		};
		9CC825A2285B91CE00F700EC /* Services */ = {
			isa = PBXGroup;
			children = (
				9CC825A3285B91D400F700EC /* Networking */,
			);
			path = Services;
			sourceTree = "<group>";
		};
		9CC825A3285B91D400F700EC /* Networking */ = {
			isa = PBXGroup;
			children = (
				9CC825A4285B921600F700EC /* NetworkService.swift */,
			);
			path = Networking;
			sourceTree = "<group>";
		};
		9CC825A6285B932300F700EC /* Typealias */ = {
			isa = PBXGroup;
			children = (
				9CC825A7285B932C00F700EC /* Typealias.swift */,
			);
			path = Typealias;
			sourceTree = "<group>";
		};
		9CC825A9285BA04600F700EC /* Helpers */ = {
			isa = PBXGroup;
			children = (
				9CC825AA285BA05400F700EC /* Extensions */,
				9CC825A6285B932300F700EC /* Typealias */,
			);
			path = Helpers;
			sourceTree = "<group>";
		};
		9CC825AA285BA05400F700EC /* Extensions */ = {
			isa = PBXGroup;
			children = (
				9CC825AC285BA06E00F700EC /* UITableView+Extension.swift */,
				9CC825AE285BA1C700F700EC /* UIFont+Extension.swift */,
				9CC825B0285BA1EB00F700EC /* UIColor+Extension.swift */,
			);
			path = Extensions;
			sourceTree = "<group>";
		};
/* End PBXGroup section */

/* Begin PBXNativeTarget section */
		9C6505EF285B7465004E6E11 /* SpaceX+MVVM */ = {
			isa = PBXNativeTarget;
			buildConfigurationList = 9C650604285B746A004E6E11 /* Build configuration list for PBXNativeTarget "SpaceX+MVVM" */;
			buildPhases = (
				0AFA55A3A6C52A365B39572E /* [CP] Check Pods Manifest.lock */,
				9C6505EC285B7465004E6E11 /* Sources */,
				9C6505ED285B7465004E6E11 /* Frameworks */,
				9C6505EE285B7465004E6E11 /* Resources */,
				153114AD54060E68846ACA69 /* [CP] Embed Pods Frameworks */,
			);
			buildRules = (
			);
			dependencies = (
			);
			name = "SpaceX+MVVM";
			productName = "SpaceX+MVVM";
			productReference = 9C6505F0285B7465004E6E11 /* SpaceX+MVVM.app */;
			productType = "com.apple.product-type.application";
		};
/* End PBXNativeTarget section */

/* Begin PBXProject section */
		9C6505E8285B7465004E6E11 /* Project object */ = {
			isa = PBXProject;
			attributes = {
				BuildIndependentTargetsInParallel = 1;
				LastSwiftUpdateCheck = 1340;
				LastUpgradeCheck = 1340;
				TargetAttributes = {
					9C6505EF285B7465004E6E11 = {
						CreatedOnToolsVersion = 13.4.1;
					};
				};
			};
			buildConfigurationList = 9C6505EB285B7465004E6E11 /* Build configuration list for PBXProject "SpaceX+MVVM" */;
			compatibilityVersion = "Xcode 13.0";
			developmentRegion = en;
			hasScannedForEncodings = 0;
			knownRegions = (
				en,
				Base,
			);
			mainGroup = 9C6505E7285B7465004E6E11;
			productRefGroup = 9C6505F1285B7465004E6E11 /* Products */;
			projectDirPath = "";
			projectRoot = "";
			targets = (
				9C6505EF285B7465004E6E11 /* SpaceX+MVVM */,
			);
		};
/* End PBXProject section */

/* Begin PBXResourcesBuildPhase section */
		9C6505EE285B7465004E6E11 /* Resources */ = {
			isa = PBXResourcesBuildPhase;
			buildActionMask = 2147483647;
			files = (
				9C650600285B746A004E6E11 /* LaunchScreen.storyboard in Resources */,
				9C6505FD285B746A004E6E11 /* Assets.xcassets in Resources */,
			);
			runOnlyForDeploymentPostprocessing = 0;
		};
/* End PBXResourcesBuildPhase section */

/* Begin PBXShellScriptBuildPhase section */
		0AFA55A3A6C52A365B39572E /* [CP] Check Pods Manifest.lock */ = {
			isa = PBXShellScriptBuildPhase;
			buildActionMask = 2147483647;
			files = (
			);
			inputFileListPaths = (
			);
			inputPaths = (
				"${PODS_PODFILE_DIR_PATH}/Podfile.lock",
				"${PODS_ROOT}/Manifest.lock",
			);
			name = "[CP] Check Pods Manifest.lock";
			outputFileListPaths = (
			);
			outputPaths = (
				"$(DERIVED_FILE_DIR)/Pods-SpaceX+MVVM-checkManifestLockResult.txt",
			);
			runOnlyForDeploymentPostprocessing = 0;
			shellPath = /bin/sh;
			shellScript = "diff \"${PODS_PODFILE_DIR_PATH}/Podfile.lock\" \"${PODS_ROOT}/Manifest.lock\" > /dev/null\nif [ $? != 0 ] ; then\n    # print error to STDERR\n    echo \"error: The sandbox is not in sync with the Podfile.lock. Run 'pod install' or update your CocoaPods installation.\" >&2\n    exit 1\nfi\n# This output is used by Xcode 'outputs' to avoid re-running this script phase.\necho \"SUCCESS\" > \"${SCRIPT_OUTPUT_FILE_0}\"\n";
			showEnvVarsInLog = 0;
		};
		153114AD54060E68846ACA69 /* [CP] Embed Pods Frameworks */ = {
			isa = PBXShellScriptBuildPhase;
			buildActionMask = 2147483647;
			files = (
			);
			inputFileListPaths = (
				"${PODS_ROOT}/Target Support Files/Pods-SpaceX+MVVM/Pods-SpaceX+MVVM-frameworks-${CONFIGURATION}-input-files.xcfilelist",
			);
			name = "[CP] Embed Pods Frameworks";
			outputFileListPaths = (
				"${PODS_ROOT}/Target Support Files/Pods-SpaceX+MVVM/Pods-SpaceX+MVVM-frameworks-${CONFIGURATION}-output-files.xcfilelist",
			);
			runOnlyForDeploymentPostprocessing = 0;
			shellPath = /bin/sh;
			shellScript = "\"${PODS_ROOT}/Target Support Files/Pods-SpaceX+MVVM/Pods-SpaceX+MVVM-frameworks.sh\"\n";
			showEnvVarsInLog = 0;
		};
/* End PBXShellScriptBuildPhase section */

/* Begin PBXSourcesBuildPhase section */
		9C6505EC285B7465004E6E11 /* Sources */ = {
			isa = PBXSourcesBuildPhase;
			buildActionMask = 2147483647;
			files = (
				9CC825AD285BA06E00F700EC /* UITableView+Extension.swift in Sources */,
				9C650609285B7493004E6E11 /* AppCoordinator.swift in Sources */,
				9C6505F8285B7465004E6E11 /* MainViewController.swift in Sources */,
				9CC825A1285B8D8900F700EC /* LaunchesModel.swift in Sources */,
				9C65060C285B753E004E6E11 /* Coordinator.swift in Sources */,
				9CC825A8285B932C00F700EC /* Typealias.swift in Sources */,
				9CC825AF285BA1C700F700EC /* UIFont+Extension.swift in Sources */,
				9CC825A5285B921600F700EC /* NetworkService.swift in Sources */,
				9CC8259E285B895900F700EC /* MainCell.swift in Sources */,
				9C6505F4285B7465004E6E11 /* AppDelegate.swift in Sources */,
				9CC825B1285BA1EB00F700EC /* UIColor+Extension.swift in Sources */,
				9C6505F6285B7465004E6E11 /* SceneDelegate.swift in Sources */,
				9CC8259B285B894200F700EC /* MainViewModel.swift in Sources */,
			);
			runOnlyForDeploymentPostprocessing = 0;
		};
/* End PBXSourcesBuildPhase section */

/* Begin PBXVariantGroup section */
		9C6505FE285B746A004E6E11 /* LaunchScreen.storyboard */ = {
			isa = PBXVariantGroup;
			children = (
				9C6505FF285B746A004E6E11 /* Base */,
			);
			name = LaunchScreen.storyboard;
			sourceTree = "<group>";
		};
/* End PBXVariantGroup section */

/* Begin XCBuildConfiguration section */
		9C650602285B746A004E6E11 /* Debug */ = {
			isa = XCBuildConfiguration;
			buildSettings = {
				ALWAYS_SEARCH_USER_PATHS = NO;
				CLANG_ANALYZER_NONNULL = YES;
				CLANG_ANALYZER_NUMBER_OBJECT_CONVERSION = YES_AGGRESSIVE;
				CLANG_CXX_LANGUAGE_STANDARD = "gnu++17";
				CLANG_ENABLE_MODULES = YES;
				CLANG_ENABLE_OBJC_ARC = YES;
				CLANG_ENABLE_OBJC_WEAK = YES;
				CLANG_WARN_BLOCK_CAPTURE_AUTORELEASING = YES;
				CLANG_WARN_BOOL_CONVERSION = YES;
				CLANG_WARN_COMMA = YES;
				CLANG_WARN_CONSTANT_CONVERSION = YES;
				CLANG_WARN_DEPRECATED_OBJC_IMPLEMENTATIONS = YES;
				CLANG_WARN_DIRECT_OBJC_ISA_USAGE = YES_ERROR;
				CLANG_WARN_DOCUMENTATION_COMMENTS = YES;
				CLANG_WARN_EMPTY_BODY = YES;
				CLANG_WARN_ENUM_CONVERSION = YES;
				CLANG_WARN_INFINITE_RECURSION = YES;
				CLANG_WARN_INT_CONVERSION = YES;
				CLANG_WARN_NON_LITERAL_NULL_CONVERSION = YES;
				CLANG_WARN_OBJC_IMPLICIT_RETAIN_SELF = YES;
				CLANG_WARN_OBJC_LITERAL_CONVERSION = YES;
				CLANG_WARN_OBJC_ROOT_CLASS = YES_ERROR;
				CLANG_WARN_QUOTED_INCLUDE_IN_FRAMEWORK_HEADER = YES;
				CLANG_WARN_RANGE_LOOP_ANALYSIS = YES;
				CLANG_WARN_STRICT_PROTOTYPES = YES;
				CLANG_WARN_SUSPICIOUS_MOVE = YES;
				CLANG_WARN_UNGUARDED_AVAILABILITY = YES_AGGRESSIVE;
				CLANG_WARN_UNREACHABLE_CODE = YES;
				CLANG_WARN__DUPLICATE_METHOD_MATCH = YES;
				COPY_PHASE_STRIP = NO;
				DEBUG_INFORMATION_FORMAT = dwarf;
				ENABLE_STRICT_OBJC_MSGSEND = YES;
				ENABLE_TESTABILITY = YES;
				GCC_C_LANGUAGE_STANDARD = gnu11;
				GCC_DYNAMIC_NO_PIC = NO;
				GCC_NO_COMMON_BLOCKS = YES;
				GCC_OPTIMIZATION_LEVEL = 0;
				GCC_PREPROCESSOR_DEFINITIONS = (
					"DEBUG=1",
					"$(inherited)",
				);
				GCC_WARN_64_TO_32_BIT_CONVERSION = YES;
				GCC_WARN_ABOUT_RETURN_TYPE = YES_ERROR;
				GCC_WARN_UNDECLARED_SELECTOR = YES;
				GCC_WARN_UNINITIALIZED_AUTOS = YES_AGGRESSIVE;
				GCC_WARN_UNUSED_FUNCTION = YES;
				GCC_WARN_UNUSED_VARIABLE = YES;
				IPHONEOS_DEPLOYMENT_TARGET = 15.5;
				MTL_ENABLE_DEBUG_INFO = INCLUDE_SOURCE;
				MTL_FAST_MATH = YES;
				ONLY_ACTIVE_ARCH = YES;
				SDKROOT = iphoneos;
				SWIFT_ACTIVE_COMPILATION_CONDITIONS = DEBUG;
				SWIFT_OPTIMIZATION_LEVEL = "-Onone";
			};
			name = Debug;
		};
		9C650603285B746A004E6E11 /* Release */ = {
			isa = XCBuildConfiguration;
			buildSettings = {
				ALWAYS_SEARCH_USER_PATHS = NO;
				CLANG_ANALYZER_NONNULL = YES;
				CLANG_ANALYZER_NUMBER_OBJECT_CONVERSION = YES_AGGRESSIVE;
				CLANG_CXX_LANGUAGE_STANDARD = "gnu++17";
				CLANG_ENABLE_MODULES = YES;
				CLANG_ENABLE_OBJC_ARC = YES;
				CLANG_ENABLE_OBJC_WEAK = YES;
				CLANG_WARN_BLOCK_CAPTURE_AUTORELEASING = YES;
				CLANG_WARN_BOOL_CONVERSION = YES;
				CLANG_WARN_COMMA = YES;
				CLANG_WARN_CONSTANT_CONVERSION = YES;
				CLANG_WARN_DEPRECATED_OBJC_IMPLEMENTATIONS = YES;
				CLANG_WARN_DIRECT_OBJC_ISA_USAGE = YES_ERROR;
				CLANG_WARN_DOCUMENTATION_COMMENTS = YES;
				CLANG_WARN_EMPTY_BODY = YES;
				CLANG_WARN_ENUM_CONVERSION = YES;
				CLANG_WARN_INFINITE_RECURSION = YES;
				CLANG_WARN_INT_CONVERSION = YES;
				CLANG_WARN_NON_LITERAL_NULL_CONVERSION = YES;
				CLANG_WARN_OBJC_IMPLICIT_RETAIN_SELF = YES;
				CLANG_WARN_OBJC_LITERAL_CONVERSION = YES;
				CLANG_WARN_OBJC_ROOT_CLASS = YES_ERROR;
				CLANG_WARN_QUOTED_INCLUDE_IN_FRAMEWORK_HEADER = YES;
				CLANG_WARN_RANGE_LOOP_ANALYSIS = YES;
				CLANG_WARN_STRICT_PROTOTYPES = YES;
				CLANG_WARN_SUSPICIOUS_MOVE = YES;
				CLANG_WARN_UNGUARDED_AVAILABILITY = YES_AGGRESSIVE;
				CLANG_WARN_UNREACHABLE_CODE = YES;
				CLANG_WARN__DUPLICATE_METHOD_MATCH = YES;
				COPY_PHASE_STRIP = NO;
				DEBUG_INFORMATION_FORMAT = "dwarf-with-dsym";
				ENABLE_NS_ASSERTIONS = NO;
				ENABLE_STRICT_OBJC_MSGSEND = YES;
				GCC_C_LANGUAGE_STANDARD = gnu11;
				GCC_NO_COMMON_BLOCKS = YES;
				GCC_WARN_64_TO_32_BIT_CONVERSION = YES;
				GCC_WARN_ABOUT_RETURN_TYPE = YES_ERROR;
				GCC_WARN_UNDECLARED_SELECTOR = YES;
				GCC_WARN_UNINITIALIZED_AUTOS = YES_AGGRESSIVE;
				GCC_WARN_UNUSED_FUNCTION = YES;
				GCC_WARN_UNUSED_VARIABLE = YES;
				IPHONEOS_DEPLOYMENT_TARGET = 15.5;
				MTL_ENABLE_DEBUG_INFO = NO;
				MTL_FAST_MATH = YES;
				SDKROOT = iphoneos;
				SWIFT_COMPILATION_MODE = wholemodule;
				SWIFT_OPTIMIZATION_LEVEL = "-O";
				VALIDATE_PRODUCT = YES;
			};
			name = Release;
		};
		9C650605285B746A004E6E11 /* Debug */ = {
			isa = XCBuildConfiguration;
			baseConfigurationReference = BD07DE64BFCD1B6C2C90B157 /* Pods-SpaceX+MVVM.debug.xcconfig */;
			buildSettings = {
				ASSETCATALOG_COMPILER_APPICON_NAME = AppIcon;
				ASSETCATALOG_COMPILER_GLOBAL_ACCENT_COLOR_NAME = AccentColor;
				CODE_SIGN_STYLE = Automatic;
				CURRENT_PROJECT_VERSION = 1;
				DEVELOPMENT_TEAM = 7XP9H5G8CF;
				GENERATE_INFOPLIST_FILE = YES;
				INFOPLIST_FILE = "SpaceX+MVVM/Info.plist";
				INFOPLIST_KEY_UIApplicationSupportsIndirectInputEvents = YES;
				INFOPLIST_KEY_UILaunchStoryboardName = LaunchScreen;
				INFOPLIST_KEY_UISupportedInterfaceOrientations_iPad = "UIInterfaceOrientationPortrait UIInterfaceOrientationPortraitUpsideDown UIInterfaceOrientationLandscapeLeft UIInterfaceOrientationLandscapeRight";
				INFOPLIST_KEY_UISupportedInterfaceOrientations_iPhone = "UIInterfaceOrientationPortrait UIInterfaceOrientationLandscapeLeft UIInterfaceOrientationLandscapeRight";
				LD_RUNPATH_SEARCH_PATHS = (
					"$(inherited)",
					"@executable_path/Frameworks",
				);
				MARKETING_VERSION = 1.0;
				PRODUCT_BUNDLE_IDENTIFIER = "com.underscoreow.SpaceX-MVVM";
				PRODUCT_NAME = "$(TARGET_NAME)";
				SWIFT_EMIT_LOC_STRINGS = YES;
				SWIFT_VERSION = 5.0;
				TARGETED_DEVICE_FAMILY = "1,2";
			};
			name = Debug;
		};
		9C650606285B746A004E6E11 /* Release */ = {
			isa = XCBuildConfiguration;
			baseConfigurationReference = E17FB3F1BD53EA84D58F1475 /* Pods-SpaceX+MVVM.release.xcconfig */;
			buildSettings = {
				ASSETCATALOG_COMPILER_APPICON_NAME = AppIcon;
				ASSETCATALOG_COMPILER_GLOBAL_ACCENT_COLOR_NAME = AccentColor;
				CODE_SIGN_STYLE = Automatic;
				CURRENT_PROJECT_VERSION = 1;
				DEVELOPMENT_TEAM = 7XP9H5G8CF;
				GENERATE_INFOPLIST_FILE = YES;
				INFOPLIST_FILE = "SpaceX+MVVM/Info.plist";
				INFOPLIST_KEY_UIApplicationSupportsIndirectInputEvents = YES;
				INFOPLIST_KEY_UILaunchStoryboardName = LaunchScreen;
				INFOPLIST_KEY_UISupportedInterfaceOrientations_iPad = "UIInterfaceOrientationPortrait UIInterfaceOrientationPortraitUpsideDown UIInterfaceOrientationLandscapeLeft UIInterfaceOrientationLandscapeRight";
				INFOPLIST_KEY_UISupportedInterfaceOrientations_iPhone = "UIInterfaceOrientationPortrait UIInterfaceOrientationLandscapeLeft UIInterfaceOrientationLandscapeRight";
				LD_RUNPATH_SEARCH_PATHS = (
					"$(inherited)",
					"@executable_path/Frameworks",
				);
				MARKETING_VERSION = 1.0;
				PRODUCT_BUNDLE_IDENTIFIER = "com.underscoreow.SpaceX-MVVM";
				PRODUCT_NAME = "$(TARGET_NAME)";
				SWIFT_EMIT_LOC_STRINGS = YES;
				SWIFT_VERSION = 5.0;
				TARGETED_DEVICE_FAMILY = "1,2";
			};
			name = Release;
		};
/* End XCBuildConfiguration section */

/* Begin XCConfigurationList section */
		9C6505EB285B7465004E6E11 /* Build configuration list for PBXProject "SpaceX+MVVM" */ = {
			isa = XCConfigurationList;
			buildConfigurations = (
				9C650602285B746A004E6E11 /* Debug */,
				9C650603285B746A004E6E11 /* Release */,
			);
			defaultConfigurationIsVisible = 0;
			defaultConfigurationName = Release;
		};
		9C650604285B746A004E6E11 /* Build configuration list for PBXNativeTarget "SpaceX+MVVM" */ = {
			isa = XCConfigurationList;
			buildConfigurations = (
				9C650605285B746A004E6E11 /* Debug */,
				9C650606285B746A004E6E11 /* Release */,
			);
			defaultConfigurationIsVisible = 0;
			defaultConfigurationName = Release;
		};
/* End XCConfigurationList section */
	};
	rootObject = 9C6505E8285B7465004E6E11 /* Project object */;
}
